
Microsoft Visual Studio Solution File, Format Version 12.00
# Visual Studio 14
VisualStudioVersion = 14.0.25420.1
MinimumVisualStudioVersion = 10.0.40219.1
Project("{FAE04EC0-301F-11D3-BF4B-00C04F79EFBC}") = "RIP2Image", "RIP2Image.csproj", "{7BD6AA82-E151-47CF-A813-9EE636700CDF}"
EndProject
Global
	GlobalSection(SolutionConfigurationPlatforms) = preSolution
		Debug|x64 = Debug|x64
		Release|x64 = Release|x64
	EndGlobalSection
	GlobalSection(ProjectConfigurationPlatforms) = postSolution
		{7BD6AA82-E151-47CF-A813-9EE636700CDF}.Debug|x64.ActiveCfg = Debug|x64
		{7BD6AA82-E151-47CF-A813-9EE636700CDF}.Debug|x64.Build.0 = Debug|x64
		{7BD6AA82-E151-47CF-A813-9EE636700CDF}.Release|x64.ActiveCfg = Release|x64
		{7BD6AA82-E151-47CF-A813-9EE636700CDF}.Release|x64.Build.0 = Release|x64
	EndGlobalSection
	GlobalSection(SolutionProperties) = preSolution
		HideSolutionNode = FALSE
	EndGlobalSection
EndGlobal
